
Microsoft Visual Studio Solution File, Format Version 12.00
# Visual Studio Version 17
VisualStudioVersion = 17.7.34031.279
MinimumVisualStudioVersion = 10.0.40219.1
Project("{FAE04EC0-301F-11D3-BF4B-00C04F79EFBC}") = "The return keyword", "The return keyword.csproj", "{A2B72502-86AD-4B7B-9722-9AB6C7DFD79C}"
EndProject
Global
	GlobalSection(SolutionConfigurationPlatforms) = preSolution
		Debug|Any CPU = Debug|Any CPU
		Release|Any CPU = Release|Any CPU
	EndGlobalSection
	GlobalSection(ProjectConfigurationPlatforms) = postSolution
		{A2B72502-86AD-4B7B-9722-9AB6C7DFD79C}.Debug|Any CPU.ActiveCfg = Debug|Any CPU
		{A2B72502-86AD-4B7B-9722-9AB6C7DFD79C}.Debug|Any CPU.Build.0 = Debug|Any CPU
		{A2B72502-86AD-4B7B-9722-9AB6C7DFD79C}.Release|Any CPU.ActiveCfg = Release|Any CPU
		{A2B72502-86AD-4B7B-9722-9AB6C7DFD79C}.Release|Any CPU.Build.0 = Release|Any CPU
	EndGlobalSection
	GlobalSection(SolutionProperties) = preSolution
		HideSolutionNode = FALSE
	EndGlobalSection
	GlobalSection(ExtensibilityGlobals) = postSolution
		SolutionGuid = {FF72B1CF-1C97-4F81-BEEE-71F43FEAFA85}
	EndGlobalSection
EndGlobal
